
Microsoft Visual Studio Solution File, Format Version 12.00
# Visual Studio 15
VisualStudioVersion = 15.0.27703.2042
MinimumVisualStudioVersion = 10.0.40219.1
Project("{9A19103F-16F7-4668-BE54-9A1E7A4F7556}") = "eixample.Host", "eixample.Host\eixample.Host.csproj", "{4AD91092-B4AB-4892-955D-2627665C8AC7}"
EndProject
Project("{9A19103F-16F7-4668-BE54-9A1E7A4F7556}") = "eixample.Core", "eixample.Core\eixample.Core.csproj", "{A593EB24-704B-46E8-B4CB-8BAD9DD84FF8}"
EndProject
Project("{9A19103F-16F7-4668-BE54-9A1E7A4F7556}") = "eixample.EntityFrameworkCore", "eixample.EntityFrameworkCore\eixample.EntityFrameworkCore.csproj", "{904C778B-68F0-4106-8CE6-6895B3B985C6}"
EndProject
Project("{9A19103F-16F7-4668-BE54-9A1E7A4F7556}") = "eixample.Application", "eixample.Application\eixample.Application.csproj", "{A7D79B25-2E71-4C07-80B1-61427A225852}"
EndProject
Project("{2150E333-8FDC-42A3-9474-1A3956D46DE8}") = "tests", "tests", "{1CD6A4BE-9C0E-43B9-9CCF-5161E701458B}"
EndProject
Global
	GlobalSection(SolutionConfigurationPlatforms) = preSolution
		Debug|Any CPU = Debug|Any CPU
		Release|Any CPU = Release|Any CPU
	EndGlobalSection
	GlobalSection(ProjectConfigurationPlatforms) = postSolution
		{4AD91092-B4AB-4892-955D-2627665C8AC7}.Debug|Any CPU.ActiveCfg = Debug|Any CPU
		{4AD91092-B4AB-4892-955D-2627665C8AC7}.Debug|Any CPU.Build.0 = Debug|Any CPU
		{4AD91092-B4AB-4892-955D-2627665C8AC7}.Release|Any CPU.ActiveCfg = Release|Any CPU
		{4AD91092-B4AB-4892-955D-2627665C8AC7}.Release|Any CPU.Build.0 = Release|Any CPU
		{A593EB24-704B-46E8-B4CB-8BAD9DD84FF8}.Debug|Any CPU.ActiveCfg = Debug|Any CPU
		{A593EB24-704B-46E8-B4CB-8BAD9DD84FF8}.Debug|Any CPU.Build.0 = Debug|Any CPU
		{A593EB24-704B-46E8-B4CB-8BAD9DD84FF8}.Release|Any CPU.ActiveCfg = Release|Any CPU
		{A593EB24-704B-46E8-B4CB-8BAD9DD84FF8}.Release|Any CPU.Build.0 = Release|Any CPU
		{904C778B-68F0-4106-8CE6-6895B3B985C6}.Debug|Any CPU.ActiveCfg = Debug|Any CPU
		{904C778B-68F0-4106-8CE6-6895B3B985C6}.Debug|Any CPU.Build.0 = Debug|Any CPU
		{904C778B-68F0-4106-8CE6-6895B3B985C6}.Release|Any CPU.ActiveCfg = Release|Any CPU
		{904C778B-68F0-4106-8CE6-6895B3B985C6}.Release|Any CPU.Build.0 = Release|Any CPU
		{A7D79B25-2E71-4C07-80B1-61427A225852}.Debug|Any CPU.ActiveCfg = Debug|Any CPU
		{A7D79B25-2E71-4C07-80B1-61427A225852}.Debug|Any CPU.Build.0 = Debug|Any CPU
		{A7D79B25-2E71-4C07-80B1-61427A225852}.Release|Any CPU.ActiveCfg = Release|Any CPU
		{A7D79B25-2E71-4C07-80B1-61427A225852}.Release|Any CPU.Build.0 = Release|Any CPU
	EndGlobalSection
	GlobalSection(SolutionProperties) = preSolution
		HideSolutionNode = FALSE
	EndGlobalSection
	GlobalSection(ExtensibilityGlobals) = postSolution
		SolutionGuid = {800DBB5C-4593-4247-96E1-4B06565CD54A}
	EndGlobalSection
EndGlobal
